
Microsoft Visual Studio Solution File, Format Version 12.00
# Visual Studio Version 17
VisualStudioVersion = 17.2.32505.173
MinimumVisualStudioVersion = 10.0.40219.1
Project("{FAE04EC0-301F-11D3-BF4B-00C04F79EFBC}") = "uppgfit2", "uppgfit2\uppgfit2.csproj", "{AE4D5A41-83E6-422C-9699-900497C059B2}"
EndProject
Global
	GlobalSection(SolutionConfigurationPlatforms) = preSolution
		Debug|Any CPU = Debug|Any CPU
		Release|Any CPU = Release|Any CPU
	EndGlobalSection
	GlobalSection(ProjectConfigurationPlatforms) = postSolution
		{AE4D5A41-83E6-422C-9699-900497C059B2}.Debug|Any CPU.ActiveCfg = Debug|Any CPU
		{AE4D5A41-83E6-422C-9699-900497C059B2}.Debug|Any CPU.Build.0 = Debug|Any CPU
		{AE4D5A41-83E6-422C-9699-900497C059B2}.Release|Any CPU.ActiveCfg = Release|Any CPU
		{AE4D5A41-83E6-422C-9699-900497C059B2}.Release|Any CPU.Build.0 = Release|Any CPU
	EndGlobalSection
	GlobalSection(SolutionProperties) = preSolution
		HideSolutionNode = FALSE
	EndGlobalSection
	GlobalSection(ExtensibilityGlobals) = postSolution
		SolutionGuid = {6A593906-D568-4334-AA7A-8CC51456183F}
	EndGlobalSection
EndGlobal
